// !$*UTF8*$!
{
	archiveVersion = 1;
	classes = {
	};
	objectVersion = 52;
	objects = {

/* Begin PBXBuildFile section */
		1B5CD0FA262808FC003F598B /* AppDelegate.swift in Sources */ = {isa = PBXBuildFile; fileRef = 1B5CD0F9262808FC003F598B /* AppDelegate.swift */; };
		1B5CD0FC262808FC003F598B /* SceneDelegate.swift in Sources */ = {isa = PBXBuildFile; fileRef = 1B5CD0FB262808FC003F598B /* SceneDelegate.swift */; };
		1B5CD0FE262808FC003F598B /* ViewController.swift in Sources */ = {isa = PBXBuildFile; fileRef = 1B5CD0FD262808FC003F598B /* ViewController.swift */; };
		1B5CD101262808FC003F598B /* Main.storyboard in Resources */ = {isa = PBXBuildFile; fileRef = 1B5CD0FF262808FC003F598B /* Main.storyboard */; };
		1B5CD103262808FD003F598B /* Assets.xcassets in Resources */ = {isa = PBXBuildFile; fileRef = 1B5CD102262808FD003F598B /* Assets.xcassets */; };
		1B5CD106262808FD003F598B /* LaunchScreen.storyboard in Resources */ = {isa = PBXBuildFile; fileRef = 1B5CD104262808FD003F598B /* LaunchScreen.storyboard */; };
		1B5CD111262808FD003F598B /* UITestLoginTests.swift in Sources */ = {isa = PBXBuildFile; fileRef = 1B5CD110262808FD003F598B /* UITestLoginTests.swift */; };
		1B5CD11C262808FD003F598B /* UITestLoginUITests.swift in Sources */ = {isa = PBXBuildFile; fileRef = 1B5CD11B262808FD003F598B /* UITestLoginUITests.swift */; };
		1B5CD14226280E36003F598B /* LoginViewController.swift in Sources */ = {isa = PBXBuildFile; fileRef = 1B5CD14126280E36003F598B /* LoginViewController.swift */; };
		1B5CD14B262810DE003F598B /* RxCocoa in Frameworks */ = {isa = PBXBuildFile; productRef = 1B5CD14A262810DE003F598B /* RxCocoa */; };
		1B5CD14D262810DE003F598B /* RxSwift in Frameworks */ = {isa = PBXBuildFile; productRef = 1B5CD14C262810DE003F598B /* RxSwift */; };
		1B5CD152262813D3003F598B /* LoginPresenter.swift in Sources */ = {isa = PBXBuildFile; fileRef = 1B5CD151262813D3003F598B /* LoginPresenter.swift */; };
		1B5CD15B262814C5003F598B /* LoginUseCase.swift in Sources */ = {isa = PBXBuildFile; fileRef = 1B5CD15A262814C5003F598B /* LoginUseCase.swift */; };
		1B5CD16326286DFF003F598B /* Login.storyboard in Resources */ = {isa = PBXBuildFile; fileRef = 1B5CD16226286DFF003F598B /* Login.storyboard */; };
/* End PBXBuildFile section */

/* Begin PBXContainerItemProxy section */
		1B5CD10D262808FD003F598B /* PBXContainerItemProxy */ = {
			isa = PBXContainerItemProxy;
			containerPortal = 1B5CD0EE262808FC003F598B /* Project object */;
			proxyType = 1;
			remoteGlobalIDString = 1B5CD0F5262808FC003F598B;
			remoteInfo = UITestLogin;
		};
		1B5CD118262808FD003F598B /* PBXContainerItemProxy */ = {
			isa = PBXContainerItemProxy;
			containerPortal = 1B5CD0EE262808FC003F598B /* Project object */;
			proxyType = 1;
			remoteGlobalIDString = 1B5CD0F5262808FC003F598B;
			remoteInfo = UITestLogin;
		};
/* End PBXContainerItemProxy section */

/* Begin PBXFileReference section */
		1B5CD0F6262808FC003F598B /* UITestLogin.app */ = {isa = PBXFileReference; explicitFileType = wrapper.application; includeInIndex = 0; path = UITestLogin.app; sourceTree = BUILT_PRODUCTS_DIR; };
		1B5CD0F9262808FC003F598B /* AppDelegate.swift */ = {isa = PBXFileReference; lastKnownFileType = sourcecode.swift; path = AppDelegate.swift; sourceTree = "<group>"; };
		1B5CD0FB262808FC003F598B /* SceneDelegate.swift */ = {isa = PBXFileReference; lastKnownFileType = sourcecode.swift; path = SceneDelegate.swift; sourceTree = "<group>"; };
		1B5CD0FD262808FC003F598B /* ViewController.swift */ = {isa = PBXFileReference; lastKnownFileType = sourcecode.swift; path = ViewController.swift; sourceTree = "<group>"; };
		1B5CD100262808FC003F598B /* Base */ = {isa = PBXFileReference; lastKnownFileType = file.storyboard; name = Base; path = Base.lproj/Main.storyboard; sourceTree = "<group>"; };
		1B5CD102262808FD003F598B /* Assets.xcassets */ = {isa = PBXFileReference; lastKnownFileType = folder.assetcatalog; path = Assets.xcassets; sourceTree = "<group>"; };
		1B5CD105262808FD003F598B /* Base */ = {isa = PBXFileReference; lastKnownFileType = file.storyboard; name = Base; path = Base.lproj/LaunchScreen.storyboard; sourceTree = "<group>"; };
		1B5CD107262808FD003F598B /* Info.plist */ = {isa = PBXFileReference; lastKnownFileType = text.plist.xml; path = Info.plist; sourceTree = "<group>"; };
		1B5CD10C262808FD003F598B /* UITestLoginTests.xctest */ = {isa = PBXFileReference; explicitFileType = wrapper.cfbundle; includeInIndex = 0; path = UITestLoginTests.xctest; sourceTree = BUILT_PRODUCTS_DIR; };
		1B5CD110262808FD003F598B /* UITestLoginTests.swift */ = {isa = PBXFileReference; lastKnownFileType = sourcecode.swift; path = UITestLoginTests.swift; sourceTree = "<group>"; };
		1B5CD112262808FD003F598B /* Info.plist */ = {isa = PBXFileReference; lastKnownFileType = text.plist.xml; path = Info.plist; sourceTree = "<group>"; };
		1B5CD117262808FD003F598B /* UITestLoginUITests.xctest */ = {isa = PBXFileReference; explicitFileType = wrapper.cfbundle; includeInIndex = 0; path = UITestLoginUITests.xctest; sourceTree = BUILT_PRODUCTS_DIR; };
		1B5CD11B262808FD003F598B /* UITestLoginUITests.swift */ = {isa = PBXFileReference; lastKnownFileType = sourcecode.swift; path = UITestLoginUITests.swift; sourceTree = "<group>"; };
		1B5CD11D262808FD003F598B /* Info.plist */ = {isa = PBXFileReference; lastKnownFileType = text.plist.xml; path = Info.plist; sourceTree = "<group>"; };
		1B5CD14126280E36003F598B /* LoginViewController.swift */ = {isa = PBXFileReference; lastKnownFileType = sourcecode.swift; path = LoginViewController.swift; sourceTree = "<group>"; };
		1B5CD151262813D3003F598B /* LoginPresenter.swift */ = {isa = PBXFileReference; lastKnownFileType = sourcecode.swift; path = LoginPresenter.swift; sourceTree = "<group>"; };
		1B5CD15A262814C5003F598B /* LoginUseCase.swift */ = {isa = PBXFileReference; lastKnownFileType = sourcecode.swift; path = LoginUseCase.swift; sourceTree = "<group>"; };
		1B5CD16226286DFF003F598B /* Login.storyboard */ = {isa = PBXFileReference; lastKnownFileType = file.storyboard; path = Login.storyboard; sourceTree = "<group>"; };
/* End PBXFileReference section */

/* Begin PBXFrameworksBuildPhase section */
		1B5CD0F3262808FC003F598B /* Frameworks */ = {
			isa = PBXFrameworksBuildPhase;
			buildActionMask = 2147483647;
			files = (
				1B5CD14D262810DE003F598B /* RxSwift in Frameworks */,
				1B5CD14B262810DE003F598B /* RxCocoa in Frameworks */,
			);
			runOnlyForDeploymentPostprocessing = 0;
		};
		1B5CD109262808FD003F598B /* Frameworks */ = {
			isa = PBXFrameworksBuildPhase;
			buildActionMask = 2147483647;
			files = (
			);
			runOnlyForDeploymentPostprocessing = 0;
		};
		1B5CD114262808FD003F598B /* Frameworks */ = {
			isa = PBXFrameworksBuildPhase;
			buildActionMask = 2147483647;
			files = (
			);
			runOnlyForDeploymentPostprocessing = 0;
		};
/* End PBXFrameworksBuildPhase section */

/* Begin PBXGroup section */
		1B5CD0ED262808FC003F598B = {
			isa = PBXGroup;
			children = (
				1B5CD0F8262808FC003F598B /* UITestLogin */,
				1B5CD10F262808FD003F598B /* UITestLoginTests */,
				1B5CD11A262808FD003F598B /* UITestLoginUITests */,
				1B5CD0F7262808FC003F598B /* Products */,
			);
			sourceTree = "<group>";
		};
		1B5CD0F7262808FC003F598B /* Products */ = {
			isa = PBXGroup;
			children = (
				1B5CD0F6262808FC003F598B /* UITestLogin.app */,
				1B5CD10C262808FD003F598B /* UITestLoginTests.xctest */,
				1B5CD117262808FD003F598B /* UITestLoginUITests.xctest */,
			);
			name = Products;
			sourceTree = "<group>";
		};
		1B5CD0F8262808FC003F598B /* UITestLogin */ = {
			isa = PBXGroup;
			children = (
				1B5CD0F9262808FC003F598B /* AppDelegate.swift */,
				1B5CD0FB262808FC003F598B /* SceneDelegate.swift */,
				1B5CD159262814AC003F598B /* Domain */,
				1B5CD14026280E10003F598B /* Presentation */,
				1B5CD102262808FD003F598B /* Assets.xcassets */,
				1B5CD107262808FD003F598B /* Info.plist */,
			);
			path = UITestLogin;
			sourceTree = "<group>";
		};
		1B5CD10F262808FD003F598B /* UITestLoginTests */ = {
			isa = PBXGroup;
			children = (
				1B5CD110262808FD003F598B /* UITestLoginTests.swift */,
				1B5CD112262808FD003F598B /* Info.plist */,
			);
			path = UITestLoginTests;
			sourceTree = "<group>";
		};
		1B5CD11A262808FD003F598B /* UITestLoginUITests */ = {
			isa = PBXGroup;
			children = (
				1B5CD11B262808FD003F598B /* UITestLoginUITests.swift */,
				1B5CD11D262808FD003F598B /* Info.plist */,
			);
			path = UITestLoginUITests;
			sourceTree = "<group>";
		};
		1B5CD14026280E10003F598B /* Presentation */ = {
			isa = PBXGroup;
			children = (
				1B5CD104262808FD003F598B /* LaunchScreen.storyboard */,
				1B5CD0FF262808FC003F598B /* Main.storyboard */,
				1B5CD16226286DFF003F598B /* Login.storyboard */,
				1B5CD151262813D3003F598B /* LoginPresenter.swift */,
				1B5CD0FD262808FC003F598B /* ViewController.swift */,
				1B5CD14126280E36003F598B /* LoginViewController.swift */,
			);
			path = Presentation;
			sourceTree = "<group>";
		};
		1B5CD159262814AC003F598B /* Domain */ = {
			isa = PBXGroup;
			children = (
				1B5CD15A262814C5003F598B /* LoginUseCase.swift */,
			);
			path = Domain;
			sourceTree = "<group>";
		};
/* End PBXGroup section */

/* Begin PBXNativeTarget section */
		1B5CD0F5262808FC003F598B /* UITestLogin */ = {
			isa = PBXNativeTarget;
			buildConfigurationList = 1B5CD120262808FD003F598B /* Build configuration list for PBXNativeTarget "UITestLogin" */;
			buildPhases = (
				1B5CD0F2262808FC003F598B /* Sources */,
				1B5CD0F3262808FC003F598B /* Frameworks */,
				1B5CD0F4262808FC003F598B /* Resources */,
			);
			buildRules = (
			);
			dependencies = (
			);
			name = UITestLogin;
			packageProductDependencies = (
				1B5CD14A262810DE003F598B /* RxCocoa */,
				1B5CD14C262810DE003F598B /* RxSwift */,
			);
			productName = UITestLogin;
			productReference = 1B5CD0F6262808FC003F598B /* UITestLogin.app */;
			productType = "com.apple.product-type.application";
		};
		1B5CD10B262808FD003F598B /* UITestLoginTests */ = {
			isa = PBXNativeTarget;
			buildConfigurationList = 1B5CD123262808FD003F598B /* Build configuration list for PBXNativeTarget "UITestLoginTests" */;
			buildPhases = (
				1B5CD108262808FD003F598B /* Sources */,
				1B5CD109262808FD003F598B /* Frameworks */,
				1B5CD10A262808FD003F598B /* Resources */,
			);
			buildRules = (
			);
			dependencies = (
				1B5CD10E262808FD003F598B /* PBXTargetDependency */,
			);
			name = UITestLoginTests;
			productName = UITestLoginTests;
			productReference = 1B5CD10C262808FD003F598B /* UITestLoginTests.xctest */;
			productType = "com.apple.product-type.bundle.unit-test";
		};
		1B5CD116262808FD003F598B /* UITestLoginUITests */ = {
			isa = PBXNativeTarget;
			buildConfigurationList = 1B5CD126262808FD003F598B /* Build configuration list for PBXNativeTarget "UITestLoginUITests" */;
			buildPhases = (
				1B5CD113262808FD003F598B /* Sources */,
				1B5CD114262808FD003F598B /* Frameworks */,
				1B5CD115262808FD003F598B /* Resources */,
			);
			buildRules = (
			);
			dependencies = (
				1B5CD119262808FD003F598B /* PBXTargetDependency */,
			);
			name = UITestLoginUITests;
			productName = UITestLoginUITests;
			productReference = 1B5CD117262808FD003F598B /* UITestLoginUITests.xctest */;
			productType = "com.apple.product-type.bundle.ui-testing";
		};
/* End PBXNativeTarget section */

/* Begin PBXProject section */
		1B5CD0EE262808FC003F598B /* Project object */ = {
			isa = PBXProject;
			attributes = {
				LastSwiftUpdateCheck = 1240;
				LastUpgradeCheck = 1240;
				TargetAttributes = {
					1B5CD0F5262808FC003F598B = {
						CreatedOnToolsVersion = 12.4;
					};
					1B5CD10B262808FD003F598B = {
						CreatedOnToolsVersion = 12.4;
						TestTargetID = 1B5CD0F5262808FC003F598B;
					};
					1B5CD116262808FD003F598B = {
						CreatedOnToolsVersion = 12.4;
						TestTargetID = 1B5CD0F5262808FC003F598B;
					};
				};
			};
			buildConfigurationList = 1B5CD0F1262808FC003F598B /* Build configuration list for PBXProject "UITestLogin" */;
			compatibilityVersion = "Xcode 9.3";
			developmentRegion = en;
			hasScannedForEncodings = 0;
			knownRegions = (
				en,
				Base,
			);
			mainGroup = 1B5CD0ED262808FC003F598B;
			packageReferences = (
				1B5CD149262810DE003F598B /* XCRemoteSwiftPackageReference "RxSwift" */,
			);
			productRefGroup = 1B5CD0F7262808FC003F598B /* Products */;
			projectDirPath = "";
			projectRoot = "";
			targets = (
				1B5CD0F5262808FC003F598B /* UITestLogin */,
				1B5CD10B262808FD003F598B /* UITestLoginTests */,
				1B5CD116262808FD003F598B /* UITestLoginUITests */,
			);
		};
/* End PBXProject section */

/* Begin PBXResourcesBuildPhase section */
		1B5CD0F4262808FC003F598B /* Resources */ = {
			isa = PBXResourcesBuildPhase;
			buildActionMask = 2147483647;
			files = (
				1B5CD16326286DFF003F598B /* Login.storyboard in Resources */,
				1B5CD106262808FD003F598B /* LaunchScreen.storyboard in Resources */,
				1B5CD103262808FD003F598B /* Assets.xcassets in Resources */,
				1B5CD101262808FC003F598B /* Main.storyboard in Resources */,
			);
			runOnlyForDeploymentPostprocessing = 0;
		};
		1B5CD10A262808FD003F598B /* Resources */ = {
			isa = PBXResourcesBuildPhase;
			buildActionMask = 2147483647;
			files = (
			);
			runOnlyForDeploymentPostprocessing = 0;
		};
		1B5CD115262808FD003F598B /* Resources */ = {
			isa = PBXResourcesBuildPhase;
			buildActionMask = 2147483647;
			files = (
			);
			runOnlyForDeploymentPostprocessing = 0;
		};
/* End PBXResourcesBuildPhase section */

/* Begin PBXSourcesBuildPhase section */
		1B5CD0F2262808FC003F598B /* Sources */ = {
			isa = PBXSourcesBuildPhase;
			buildActionMask = 2147483647;
			files = (
				1B5CD14226280E36003F598B /* LoginViewController.swift in Sources */,
				1B5CD0FE262808FC003F598B /* ViewController.swift in Sources */,
				1B5CD0FA262808FC003F598B /* AppDelegate.swift in Sources */,
				1B5CD0FC262808FC003F598B /* SceneDelegate.swift in Sources */,
				1B5CD152262813D3003F598B /* LoginPresenter.swift in Sources */,
				1B5CD15B262814C5003F598B /* LoginUseCase.swift in Sources */,
			);
			runOnlyForDeploymentPostprocessing = 0;
		};
		1B5CD108262808FD003F598B /* Sources */ = {
			isa = PBXSourcesBuildPhase;
			buildActionMask = 2147483647;
			files = (
				1B5CD111262808FD003F598B /* UITestLoginTests.swift in Sources */,
			);
			runOnlyForDeploymentPostprocessing = 0;
		};
		1B5CD113262808FD003F598B /* Sources */ = {
			isa = PBXSourcesBuildPhase;
			buildActionMask = 2147483647;
			files = (
				1B5CD11C262808FD003F598B /* UITestLoginUITests.swift in Sources */,
			);
			runOnlyForDeploymentPostprocessing = 0;
		};
/* End PBXSourcesBuildPhase section */

/* Begin PBXTargetDependency section */
		1B5CD10E262808FD003F598B /* PBXTargetDependency */ = {
			isa = PBXTargetDependency;
			target = 1B5CD0F5262808FC003F598B /* UITestLogin */;
			targetProxy = 1B5CD10D262808FD003F598B /* PBXContainerItemProxy */;
		};
		1B5CD119262808FD003F598B /* PBXTargetDependency */ = {
			isa = PBXTargetDependency;
			target = 1B5CD0F5262808FC003F598B /* UITestLogin */;
			targetProxy = 1B5CD118262808FD003F598B /* PBXContainerItemProxy */;
		};
/* End PBXTargetDependency section */

/* Begin PBXVariantGroup section */
		1B5CD0FF262808FC003F598B /* Main.storyboard */ = {
			isa = PBXVariantGroup;
			children = (
				1B5CD100262808FC003F598B /* Base */,
			);
			name = Main.storyboard;
			sourceTree = "<group>";
		};
		1B5CD104262808FD003F598B /* LaunchScreen.storyboard */ = {
			isa = PBXVariantGroup;
			children = (
				1B5CD105262808FD003F598B /* Base */,
			);
			name = LaunchScreen.storyboard;
			sourceTree = "<group>";
		};
/* End PBXVariantGroup section */

/* Begin XCBuildConfiguration section */
		1B5CD11E262808FD003F598B /* Debug */ = {
			isa = XCBuildConfiguration;
			buildSettings = {
				ALWAYS_SEARCH_USER_PATHS = NO;
				CLANG_ANALYZER_NONNULL = YES;
				CLANG_ANALYZER_NUMBER_OBJECT_CONVERSION = YES_AGGRESSIVE;
				CLANG_CXX_LANGUAGE_STANDARD = "gnu++14";
				CLANG_CXX_LIBRARY = "libc++";
				CLANG_ENABLE_MODULES = YES;
				CLANG_ENABLE_OBJC_ARC = YES;
				CLANG_ENABLE_OBJC_WEAK = YES;
				CLANG_WARN_BLOCK_CAPTURE_AUTORELEASING = YES;
				CLANG_WARN_BOOL_CONVERSION = YES;
				CLANG_WARN_COMMA = YES;
				CLANG_WARN_CONSTANT_CONVERSION = YES;
				CLANG_WARN_DEPRECATED_OBJC_IMPLEMENTATIONS = YES;
				CLANG_WARN_DIRECT_OBJC_ISA_USAGE = YES_ERROR;
				CLANG_WARN_DOCUMENTATION_COMMENTS = YES;
				CLANG_WARN_EMPTY_BODY = YES;
				CLANG_WARN_ENUM_CONVERSION = YES;
				CLANG_WARN_INFINITE_RECURSION = YES;
				CLANG_WARN_INT_CONVERSION = YES;
				CLANG_WARN_NON_LITERAL_NULL_CONVERSION = YES;
				CLANG_WARN_OBJC_IMPLICIT_RETAIN_SELF = YES;
				CLANG_WARN_OBJC_LITERAL_CONVERSION = YES;
				CLANG_WARN_OBJC_ROOT_CLASS = YES_ERROR;
				CLANG_WARN_QUOTED_INCLUDE_IN_FRAMEWORK_HEADER = YES;
				CLANG_WARN_RANGE_LOOP_ANALYSIS = YES;
				CLANG_WARN_STRICT_PROTOTYPES = YES;
				CLANG_WARN_SUSPICIOUS_MOVE = YES;
				CLANG_WARN_UNGUARDED_AVAILABILITY = YES_AGGRESSIVE;
				CLANG_WARN_UNREACHABLE_CODE = YES;
				CLANG_WARN__DUPLICATE_METHOD_MATCH = YES;
				COPY_PHASE_STRIP = NO;
				DEBUG_INFORMATION_FORMAT = dwarf;
				ENABLE_STRICT_OBJC_MSGSEND = YES;
				ENABLE_TESTABILITY = YES;
				GCC_C_LANGUAGE_STANDARD = gnu11;
				GCC_DYNAMIC_NO_PIC = NO;
				GCC_NO_COMMON_BLOCKS = YES;
				GCC_OPTIMIZATION_LEVEL = 0;
				GCC_PREPROCESSOR_DEFINITIONS = (
					"DEBUG=1",
					"$(inherited)",
				);
				GCC_WARN_64_TO_32_BIT_CONVERSION = YES;
				GCC_WARN_ABOUT_RETURN_TYPE = YES_ERROR;
				GCC_WARN_UNDECLARED_SELECTOR = YES;
				GCC_WARN_UNINITIALIZED_AUTOS = YES_AGGRESSIVE;
				GCC_WARN_UNUSED_FUNCTION = YES;
				GCC_WARN_UNUSED_VARIABLE = YES;
				IPHONEOS_DEPLOYMENT_TARGET = 14.4;
				MTL_ENABLE_DEBUG_INFO = INCLUDE_SOURCE;
				MTL_FAST_MATH = YES;
				ONLY_ACTIVE_ARCH = YES;
				SDKROOT = iphoneos;
				SWIFT_ACTIVE_COMPILATION_CONDITIONS = DEBUG;
				SWIFT_OPTIMIZATION_LEVEL = "-Onone";
			};
			name = Debug;
		};
		1B5CD11F262808FD003F598B /* Release */ = {
			isa = XCBuildConfiguration;
			buildSettings = {
				ALWAYS_SEARCH_USER_PATHS = NO;
				CLANG_ANALYZER_NONNULL = YES;
				CLANG_ANALYZER_NUMBER_OBJECT_CONVERSION = YES_AGGRESSIVE;
				CLANG_CXX_LANGUAGE_STANDARD = "gnu++14";
				CLANG_CXX_LIBRARY = "libc++";
				CLANG_ENABLE_MODULES = YES;
				CLANG_ENABLE_OBJC_ARC = YES;
				CLANG_ENABLE_OBJC_WEAK = YES;
				CLANG_WARN_BLOCK_CAPTURE_AUTORELEASING = YES;
				CLANG_WARN_BOOL_CONVERSION = YES;
				CLANG_WARN_COMMA = YES;
				CLANG_WARN_CONSTANT_CONVERSION = YES;
				CLANG_WARN_DEPRECATED_OBJC_IMPLEMENTATIONS = YES;
				CLANG_WARN_DIRECT_OBJC_ISA_USAGE = YES_ERROR;
				CLANG_WARN_DOCUMENTATION_COMMENTS = YES;
				CLANG_WARN_EMPTY_BODY = YES;
				CLANG_WARN_ENUM_CONVERSION = YES;
				CLANG_WARN_INFINITE_RECURSION = YES;
				CLANG_WARN_INT_CONVERSION = YES;
				CLANG_WARN_NON_LITERAL_NULL_CONVERSION = YES;
				CLANG_WARN_OBJC_IMPLICIT_RETAIN_SELF = YES;
				CLANG_WARN_OBJC_LITERAL_CONVERSION = YES;
				CLANG_WARN_OBJC_ROOT_CLASS = YES_ERROR;
				CLANG_WARN_QUOTED_INCLUDE_IN_FRAMEWORK_HEADER = YES;
				CLANG_WARN_RANGE_LOOP_ANALYSIS = YES;
				CLANG_WARN_STRICT_PROTOTYPES = YES;
				CLANG_WARN_SUSPICIOUS_MOVE = YES;
				CLANG_WARN_UNGUARDED_AVAILABILITY = YES_AGGRESSIVE;
				CLANG_WARN_UNREACHABLE_CODE = YES;
				CLANG_WARN__DUPLICATE_METHOD_MATCH = YES;
				COPY_PHASE_STRIP = NO;
				DEBUG_INFORMATION_FORMAT = "dwarf-with-dsym";
				ENABLE_NS_ASSERTIONS = NO;
				ENABLE_STRICT_OBJC_MSGSEND = YES;
				GCC_C_LANGUAGE_STANDARD = gnu11;
				GCC_NO_COMMON_BLOCKS = YES;
				GCC_WARN_64_TO_32_BIT_CONVERSION = YES;
				GCC_WARN_ABOUT_RETURN_TYPE = YES_ERROR;
				GCC_WARN_UNDECLARED_SELECTOR = YES;
				GCC_WARN_UNINITIALIZED_AUTOS = YES_AGGRESSIVE;
				GCC_WARN_UNUSED_FUNCTION = YES;
				GCC_WARN_UNUSED_VARIABLE = YES;
				IPHONEOS_DEPLOYMENT_TARGET = 14.4;
				MTL_ENABLE_DEBUG_INFO = NO;
				MTL_FAST_MATH = YES;
				SDKROOT = iphoneos;
				SWIFT_COMPILATION_MODE = wholemodule;
				SWIFT_OPTIMIZATION_LEVEL = "-O";
				VALIDATE_PRODUCT = YES;
			};
			name = Release;
		};
		1B5CD121262808FD003F598B /* Debug */ = {
			isa = XCBuildConfiguration;
			buildSettings = {
				ASSETCATALOG_COMPILER_APPICON_NAME = AppIcon;
				ASSETCATALOG_COMPILER_GLOBAL_ACCENT_COLOR_NAME = AccentColor;
				CODE_SIGN_STYLE = Automatic;
				DEVELOPMENT_TEAM = VC2VM6A859;
				INFOPLIST_FILE = UITestLogin/Info.plist;
				LD_RUNPATH_SEARCH_PATHS = (
					"$(inherited)",
					"@executable_path/Frameworks",
				);
				PRODUCT_BUNDLE_IDENTIFIER = com.majimaji.UITestLogin;
				PRODUCT_NAME = "$(TARGET_NAME)";
				SWIFT_VERSION = 5.0;
				TARGETED_DEVICE_FAMILY = "1,2";
			};
			name = Debug;
		};
		1B5CD122262808FD003F598B /* Release */ = {
			isa = XCBuildConfiguration;
			buildSettings = {
				ASSETCATALOG_COMPILER_APPICON_NAME = AppIcon;
				ASSETCATALOG_COMPILER_GLOBAL_ACCENT_COLOR_NAME = AccentColor;
				CODE_SIGN_STYLE = Automatic;
				DEVELOPMENT_TEAM = VC2VM6A859;
				INFOPLIST_FILE = UITestLogin/Info.plist;
				LD_RUNPATH_SEARCH_PATHS = (
					"$(inherited)",
					"@executable_path/Frameworks",
				);
				PRODUCT_BUNDLE_IDENTIFIER = com.majimaji.UITestLogin;
				PRODUCT_NAME = "$(TARGET_NAME)";
				SWIFT_VERSION = 5.0;
				TARGETED_DEVICE_FAMILY = "1,2";
			};
			name = Release;
		};
		1B5CD124262808FD003F598B /* Debug */ = {
			isa = XCBuildConfiguration;
			buildSettings = {
				ALWAYS_EMBED_SWIFT_STANDARD_LIBRARIES = YES;
				BUNDLE_LOADER = "$(TEST_HOST)";
				CODE_SIGN_STYLE = Automatic;
				DEVELOPMENT_TEAM = VC2VM6A859;
				INFOPLIST_FILE = UITestLoginTests/Info.plist;
				IPHONEOS_DEPLOYMENT_TARGET = 14.4;
				LD_RUNPATH_SEARCH_PATHS = (
					"$(inherited)",
					"@executable_path/Frameworks",
					"@loader_path/Frameworks",
				);
				PRODUCT_BUNDLE_IDENTIFIER = com.majimaji.UITestLoginTests;
				PRODUCT_NAME = "$(TARGET_NAME)";
				SWIFT_VERSION = 5.0;
				TARGETED_DEVICE_FAMILY = "1,2";
				TEST_HOST = "$(BUILT_PRODUCTS_DIR)/UITestLogin.app/UITestLogin";
			};
			name = Debug;
		};
		1B5CD125262808FD003F598B /* Release */ = {
			isa = XCBuildConfiguration;
			buildSettings = {
				ALWAYS_EMBED_SWIFT_STANDARD_LIBRARIES = YES;
				BUNDLE_LOADER = "$(TEST_HOST)";
				CODE_SIGN_STYLE = Automatic;
				DEVELOPMENT_TEAM = VC2VM6A859;
				INFOPLIST_FILE = UITestLoginTests/Info.plist;
				IPHONEOS_DEPLOYMENT_TARGET = 14.4;
				LD_RUNPATH_SEARCH_PATHS = (
					"$(inherited)",
					"@executable_path/Frameworks",
					"@loader_path/Frameworks",
				);
				PRODUCT_BUNDLE_IDENTIFIER = com.majimaji.UITestLoginTests;
				PRODUCT_NAME = "$(TARGET_NAME)";
				SWIFT_VERSION = 5.0;
				TARGETED_DEVICE_FAMILY = "1,2";
				TEST_HOST = "$(BUILT_PRODUCTS_DIR)/UITestLogin.app/UITestLogin";
			};
			name = Release;
		};
		1B5CD127262808FD003F598B /* Debug */ = {
			isa = XCBuildConfiguration;
			buildSettings = {
				ALWAYS_EMBED_SWIFT_STANDARD_LIBRARIES = YES;
				CODE_SIGN_STYLE = Automatic;
				DEVELOPMENT_TEAM = VC2VM6A859;
				INFOPLIST_FILE = UITestLoginUITests/Info.plist;
				LD_RUNPATH_SEARCH_PATHS = (
					"$(inherited)",
					"@executable_path/Frameworks",
					"@loader_path/Frameworks",
				);
				PRODUCT_BUNDLE_IDENTIFIER = com.majimaji.UITestLoginUITests;
				PRODUCT_NAME = "$(TARGET_NAME)";
				SWIFT_VERSION = 5.0;
				TARGETED_DEVICE_FAMILY = "1,2";
				TEST_TARGET_NAME = UITestLogin;
			};
			name = Debug;
		};
		1B5CD128262808FD003F598B /* Release */ = {
			isa = XCBuildConfiguration;
			buildSettings = {
				ALWAYS_EMBED_SWIFT_STANDARD_LIBRARIES = YES;
				CODE_SIGN_STYLE = Automatic;
				DEVELOPMENT_TEAM = VC2VM6A859;
				INFOPLIST_FILE = UITestLoginUITests/Info.plist;
				LD_RUNPATH_SEARCH_PATHS = (
					"$(inherited)",
					"@executable_path/Frameworks",
					"@loader_path/Frameworks",
				);
				PRODUCT_BUNDLE_IDENTIFIER = com.majimaji.UITestLoginUITests;
				PRODUCT_NAME = "$(TARGET_NAME)";
				SWIFT_VERSION = 5.0;
				TARGETED_DEVICE_FAMILY = "1,2";
				TEST_TARGET_NAME = UITestLogin;
			};
			name = Release;
		};
/* End XCBuildConfiguration section */

/* Begin XCConfigurationList section */
		1B5CD0F1262808FC003F598B /* Build configuration list for PBXProject "UITestLogin" */ = {
			isa = XCConfigurationList;
			buildConfigurations = (
				1B5CD11E262808FD003F598B /* Debug */,
				1B5CD11F262808FD003F598B /* Release */,
			);
			defaultConfigurationIsVisible = 0;
			defaultConfigurationName = Release;
		};
		1B5CD120262808FD003F598B /* Build configuration list for PBXNativeTarget "UITestLogin" */ = {
			isa = XCConfigurationList;
			buildConfigurations = (
				1B5CD121262808FD003F598B /* Debug */,
				1B5CD122262808FD003F598B /* Release */,
			);
			defaultConfigurationIsVisible = 0;
			defaultConfigurationName = Release;
		};
		1B5CD123262808FD003F598B /* Build configuration list for PBXNativeTarget "UITestLoginTests" */ = {
			isa = XCConfigurationList;
			buildConfigurations = (
				1B5CD124262808FD003F598B /* Debug */,
				1B5CD125262808FD003F598B /* Release */,
			);
			defaultConfigurationIsVisible = 0;
			defaultConfigurationName = Release;
		};
		1B5CD126262808FD003F598B /* Build configuration list for PBXNativeTarget "UITestLoginUITests" */ = {
			isa = XCConfigurationList;
			buildConfigurations = (
				1B5CD127262808FD003F598B /* Debug */,
				1B5CD128262808FD003F598B /* Release */,
			);
			defaultConfigurationIsVisible = 0;
			defaultConfigurationName = Release;
		};
/* End XCConfigurationList section */

/* Begin XCRemoteSwiftPackageReference section */
		1B5CD149262810DE003F598B /* XCRemoteSwiftPackageReference "RxSwift" */ = {
			isa = XCRemoteSwiftPackageReference;
			repositoryURL = "https://github.com/ReactiveX/RxSwift";
			requirement = {
				kind = upToNextMajorVersion;
				minimumVersion = 6.1.0;
			};
		};
/* End XCRemoteSwiftPackageReference section */

/* Begin XCSwiftPackageProductDependency section */
		1B5CD14A262810DE003F598B /* RxCocoa */ = {
			isa = XCSwiftPackageProductDependency;
			package = 1B5CD149262810DE003F598B /* XCRemoteSwiftPackageReference "RxSwift" */;
			productName = RxCocoa;
		};
		1B5CD14C262810DE003F598B /* RxSwift */ = {
			isa = XCSwiftPackageProductDependency;
			package = 1B5CD149262810DE003F598B /* XCRemoteSwiftPackageReference "RxSwift" */;
			productName = RxSwift;
		};
/* End XCSwiftPackageProductDependency section */
	};
	rootObject = 1B5CD0EE262808FC003F598B /* Project object */;
}
